# THIS IS AN AUTOGENERATED FILE. DO NOT EDIT THIS FILE DIRECTLY.
# yarn lockfile v1


"@types/chroma-js@^2.0.0":
  version "2.4.4"
  resolved "https://registry.yarnpkg.com/@types/chroma-js/-/chroma-js-2.4.4.tgz#254dddff54568ff8e5d0dcdb071871a458fdfd31"
  integrity sha512-/DTccpHTaKomqussrn+ciEvfW4k6NAHzNzs/sts1TCqg333qNxOhy8TNIoQCmbGG3Tl8KdEhkGAssb1n3mTXiQ==

chroma-js@^2.1.0:
  version "2.6.0"
  resolved "https://registry.yarnpkg.com/chroma-js/-/chroma-js-2.6.0.tgz#578743dd359698a75067a19fa5571dec54d0b70b"
  integrity sha512-BLHvCB9s8Z1EV4ethr6xnkl/P2YRFOGqfgvuMG/MyCbZPrTA+NeiByY6XvgF0zP4/2deU2CXnWyMa3zu1LqQ3A==

distinct-colors@^3.0.0:
  version "3.0.0"
  resolved "https://registry.yarnpkg.com/distinct-colors/-/distinct-colors-3.0.0.tgz#9871044c9b5be87405963d99eda84e41d3faadf9"
  integrity sha512-ID2CzFkvsdhkm4IVpUYxCcUpB6GspIvVW8dLSWFjIwJzV5kNOoayegfgDyyzcWkOWWMAFc1cyEhdtFH868AfYQ==
  dependencies:
    "@types/chroma-js" "^2.0.0"
    chroma-js "^2.1.0"
    mout "^1.2.2"

mout@^1.2.2:
  version "1.2.4"
  resolved "https://registry.yarnpkg.com/mout/-/mout-1.2.4.tgz#9ffd261c4d6509e7ebcbf6b641a89b36ecdf8155"
  integrity sha512-mZb9uOruMWgn/fw28DG4/yE3Kehfk1zKCLhuDU2O3vlKdnBBr4XaOCqVTflJ5aODavGUPqFHZgrFX3NJVuxGhQ==
